
Microsoft Visual Studio Solution File, Format Version 12.00
# Visual Studio Version 17
VisualStudioVersion = 17.6.33723.286
MinimumVisualStudioVersion = 10.0.40219.1
Project("{9A19103F-16F7-4668-BE54-9A1E7A4F7556}") = "Tugas", "Tugas\Tugas.csproj", "{72576D69-A2EE-4F7A-AD84-F8F6680FFE10}"
EndProject
Project("{FAE04EC0-301F-11D3-BF4B-00C04F79EFBC}") = "Client", "Client\Client.csproj", "{BF5A0B35-2954-421D-B026-B3C11A8320E7}"
EndProject
Global
	GlobalSection(SolutionConfigurationPlatforms) = preSolution
		Debug|Any CPU = Debug|Any CPU
		Release|Any CPU = Release|Any CPU
	EndGlobalSection
	GlobalSection(ProjectConfigurationPlatforms) = postSolution
		{72576D69-A2EE-4F7A-AD84-F8F6680FFE10}.Debug|Any CPU.ActiveCfg = Debug|Any CPU
		{72576D69-A2EE-4F7A-AD84-F8F6680FFE10}.Debug|Any CPU.Build.0 = Debug|Any CPU
		{72576D69-A2EE-4F7A-AD84-F8F6680FFE10}.Release|Any CPU.ActiveCfg = Release|Any CPU
		{72576D69-A2EE-4F7A-AD84-F8F6680FFE10}.Release|Any CPU.Build.0 = Release|Any CPU
		{BF5A0B35-2954-421D-B026-B3C11A8320E7}.Debug|Any CPU.ActiveCfg = Debug|Any CPU
		{BF5A0B35-2954-421D-B026-B3C11A8320E7}.Debug|Any CPU.Build.0 = Debug|Any CPU
		{BF5A0B35-2954-421D-B026-B3C11A8320E7}.Release|Any CPU.ActiveCfg = Release|Any CPU
		{BF5A0B35-2954-421D-B026-B3C11A8320E7}.Release|Any CPU.Build.0 = Release|Any CPU
	EndGlobalSection
	GlobalSection(SolutionProperties) = preSolution
		HideSolutionNode = FALSE
	EndGlobalSection
	GlobalSection(ExtensibilityGlobals) = postSolution
		SolutionGuid = {451632A8-6588-4C94-AD96-D607F7FD28B5}
	EndGlobalSection
EndGlobal
